
Microsoft Visual Studio Solution File, Format Version 12.00
# Visual Studio Version 17
VisualStudioVersion = 17.6.33829.357
MinimumVisualStudioVersion = 10.0.40219.1
Project("{FAE04EC0-301F-11D3-BF4B-00C04F79EFBC}") = "DictionaryProjectC#", "DictionaryProjectC#.csproj", "{71D656EE-D0F6-400E-9288-B736E395BB91}"
EndProject
Global
	GlobalSection(SolutionConfigurationPlatforms) = preSolution
		Debug|Any CPU = Debug|Any CPU
		Release|Any CPU = Release|Any CPU
	EndGlobalSection
	GlobalSection(ProjectConfigurationPlatforms) = postSolution
		{71D656EE-D0F6-400E-9288-B736E395BB91}.Debug|Any CPU.ActiveCfg = Debug|Any CPU
		{71D656EE-D0F6-400E-9288-B736E395BB91}.Debug|Any CPU.Build.0 = Debug|Any CPU
		{71D656EE-D0F6-400E-9288-B736E395BB91}.Release|Any CPU.ActiveCfg = Release|Any CPU
		{71D656EE-D0F6-400E-9288-B736E395BB91}.Release|Any CPU.Build.0 = Release|Any CPU
	EndGlobalSection
	GlobalSection(SolutionProperties) = preSolution
		HideSolutionNode = FALSE
	EndGlobalSection
	GlobalSection(ExtensibilityGlobals) = postSolution
		SolutionGuid = {1EDD9E79-BDDB-4672-9E53-E2B2B3819197}
	EndGlobalSection
EndGlobal
